<?xml version="1.0" encoding="utf-8"?>
<Project ToolsVersion="4.0" xmlns="http://schemas.microsoft.com/developer/msbuild/2003">
  <ItemGroup>
    <Filter Include="TestCases">
      <UniqueIdentifier>{2d3a988e-471c-417a-9639-3766b268c020}</UniqueIdentifier>
    </Filter>
  </ItemGroup>
  <ItemGroup>
    <ClCompile Include="testlibcommon.cpp">
      <Filter>TestCases</Filter>
    </ClCompile>
  </ItemGroup>
</Project>