
Microsoft Visual Studio Solution File, Format Version 12.00
# Visual Studio 15
VisualStudioVersion = 15.0.27703.2000
MinimumVisualStudioVersion = 10.0.40219.1
Project("{8BC9CEB8-8B4A-11D0-8D11-00A0C91BC942}") = "SysmonX", "src\sysmonx\sysmonx.vcxproj", "{08579D1B-A2DF-4FC0-9A56-8B8B5B473295}"
	ProjectSection(ProjectDependencies) = postProject
		{26BE5DDE-62BD-4A49-A423-267867164508} = {26BE5DDE-62BD-4A49-A423-267867164508}
	EndProjectSection
EndProject
Project("{2150E333-8FDC-42A3-9474-1A3956D46DE8}") = "External", "External", "{41963FBE-8982-4CD4-9166-7F0FEA04A15F}"
EndProject
Project("{8BC9CEB8-8B4A-11D0-8D11-00A0C91BC942}") = "Blackbone", "external\Blackbone\src\BlackBone\BlackBone.vcxproj", "{A2C53563-46F5-4D87-903F-3F1F2FDB2DEB}"
EndProject
Project("{8BC9CEB8-8B4A-11D0-8D11-00A0C91BC942}") = "SqliteModernCPP", "external\sqlite_modern_cpp\sqlite3.vcxproj", "{0439B3EC-6820-4CE4-882B-A5634B1777BA}"
EndProject
Project("{2150E333-8FDC-42A3-9474-1A3956D46DE8}") = "Utilities", "Utilities", "{E4CBEF85-3F91-441D-95BE-380DF44B4896}"
EndProject
Project("{8BC9CEB8-8B4A-11D0-8D11-00A0C91BC942}") = "Systester", "src\utilities\systester\systester.vcxproj", "{B89974D8-FB64-48C3-A412-09C0A3382789}"
	ProjectSection(ProjectDependencies) = postProject
		{08579D1B-A2DF-4FC0-9A56-8B8B5B473295} = {08579D1B-A2DF-4FC0-9A56-8B8B5B473295}
	EndProjectSection
EndProject
Project("{2150E333-8FDC-42A3-9474-1A3956D46DE8}") = "Core", "Core", "{47B33E62-238F-4AE3-A0F2-4733CD9BDBEA}"
EndProject
Project("{2150E333-8FDC-42A3-9474-1A3956D46DE8}") = "Helpers", "Helpers", "{610A3396-623D-4765-8E31-9B6140311B4A}"
EndProject
Project("{8BC9CEB8-8B4A-11D0-8D11-00A0C91BC942}") = "LibCommon", "src\common\LibCommon\LibCommon.vcxproj", "{26BE5DDE-62BD-4A49-A423-267867164508}"
	ProjectSection(ProjectDependencies) = postProject
		{A2C53563-46F5-4D87-903F-3F1F2FDB2DEB} = {A2C53563-46F5-4D87-903F-3F1F2FDB2DEB}
		{EFCCC4C3-C822-4490-9295-CBAC1009A2CB} = {EFCCC4C3-C822-4490-9295-CBAC1009A2CB}
		{EFCCC4C3-C828-4490-9295-CBAC1009A2CB} = {EFCCC4C3-C828-4490-9295-CBAC1009A2CB}
		{59B25FE3-5927-4EE8-B696-9AD558492CF8} = {59B25FE3-5927-4EE8-B696-9AD558492CF8}
		{0439B3EC-6820-4CE4-882B-A5634B1777BA} = {0439B3EC-6820-4CE4-882B-A5634B1777BA}
	EndProjectSection
EndProject
Project("{8BC9CEB8-8B4A-11D0-8D11-00A0C91BC942}") = "Gtest", "external\googletest\Gtest.vcxproj", "{EFCCC4C3-C822-4490-9295-CBAC1009A2CB}"
EndProject
Project("{8BC9CEB8-8B4A-11D0-8D11-00A0C91BC942}") = "KrabsETW", "external\krabs\KrabsETW.vcxproj", "{59B25FE3-5927-4EE8-B696-9AD558492CF8}"
EndProject
Project("{2150E333-8FDC-42A3-9474-1A3956D46DE8}") = "UnitTests", "UnitTests", "{569DFDB6-BA5E-4404-B96F-14104CA1CD01}"
EndProject
Project("{8BC9CEB8-8B4A-11D0-8D11-00A0C91BC942}") = "UTLibCommon", "src\unittests\libcommon\utlibcommon.vcxproj", "{8AF23DD0-5BED-483E-A4D9-F3E14E7F5D6B}"
	ProjectSection(ProjectDependencies) = postProject
		{A2C53563-46F5-4D87-903F-3F1F2FDB2DEB} = {A2C53563-46F5-4D87-903F-3F1F2FDB2DEB}
		{EFCCC4C3-C822-4490-9295-CBAC1009A2CB} = {EFCCC4C3-C822-4490-9295-CBAC1009A2CB}
		{26BE5DDE-62BD-4A49-A423-267867164508} = {26BE5DDE-62BD-4A49-A423-267867164508}
		{59B25FE3-5927-4EE8-B696-9AD558492CF8} = {59B25FE3-5927-4EE8-B696-9AD558492CF8}
	EndProjectSection
EndProject
Project("{8BC9CEB8-8B4A-11D0-8D11-00A0C91BC942}") = "UTSysmonX", "src\unittests\sysmonx\utsysmonx.vcxproj", "{794B7565-2C98-4B6B-AEA6-D50B4560D483}"
	ProjectSection(ProjectDependencies) = postProject
		{08579D1B-A2DF-4FC0-9A56-8B8B5B473295} = {08579D1B-A2DF-4FC0-9A56-8B8B5B473295}
	EndProjectSection
EndProject
Project("{8BC9CEB8-8B4A-11D0-8D11-00A0C91BC942}") = "PugiXML", "external\pugixml\Pugixml.vcxproj", "{EFCCC4C3-C828-4490-9295-CBAC1009A2CB}"
EndProject
Global
	GlobalSection(SolutionConfigurationPlatforms) = preSolution
		Debug|x64 = Debug|x64
		Debug|x86 = Debug|x86
		Release|x64 = Release|x64
		Release|x86 = Release|x86
	EndGlobalSection
	GlobalSection(ProjectConfigurationPlatforms) = postSolution
		{08579D1B-A2DF-4FC0-9A56-8B8B5B473295}.Debug|x64.ActiveCfg = Debug|x64
		{08579D1B-A2DF-4FC0-9A56-8B8B5B473295}.Debug|x64.Build.0 = Debug|x64
		{08579D1B-A2DF-4FC0-9A56-8B8B5B473295}.Debug|x86.ActiveCfg = Debug|Win32
		{08579D1B-A2DF-4FC0-9A56-8B8B5B473295}.Debug|x86.Build.0 = Debug|Win32
		{08579D1B-A2DF-4FC0-9A56-8B8B5B473295}.Release|x64.ActiveCfg = Release|x64
		{08579D1B-A2DF-4FC0-9A56-8B8B5B473295}.Release|x64.Build.0 = Release|x64
		{08579D1B-A2DF-4FC0-9A56-8B8B5B473295}.Release|x86.ActiveCfg = Release|Win32
		{08579D1B-A2DF-4FC0-9A56-8B8B5B473295}.Release|x86.Build.0 = Release|Win32
		{A2C53563-46F5-4D87-903F-3F1F2FDB2DEB}.Debug|x64.ActiveCfg = Debug|x64
		{A2C53563-46F5-4D87-903F-3F1F2FDB2DEB}.Debug|x64.Build.0 = Debug|x64
		{A2C53563-46F5-4D87-903F-3F1F2FDB2DEB}.Debug|x86.ActiveCfg = Debug|Win32
		{A2C53563-46F5-4D87-903F-3F1F2FDB2DEB}.Debug|x86.Build.0 = Debug|Win32
		{A2C53563-46F5-4D87-903F-3F1F2FDB2DEB}.Release|x64.ActiveCfg = Release|x64
		{A2C53563-46F5-4D87-903F-3F1F2FDB2DEB}.Release|x64.Build.0 = Release|x64
		{A2C53563-46F5-4D87-903F-3F1F2FDB2DEB}.Release|x86.ActiveCfg = Release|Win32
		{A2C53563-46F5-4D87-903F-3F1F2FDB2DEB}.Release|x86.Build.0 = Release|Win32
		{0439B3EC-6820-4CE4-882B-A5634B1777BA}.Debug|x64.ActiveCfg = Debug|x64
		{0439B3EC-6820-4CE4-882B-A5634B1777BA}.Debug|x64.Build.0 = Debug|x64
		{0439B3EC-6820-4CE4-882B-A5634B1777BA}.Debug|x86.ActiveCfg = Debug|Win32
		{0439B3EC-6820-4CE4-882B-A5634B1777BA}.Debug|x86.Build.0 = Debug|Win32
		{0439B3EC-6820-4CE4-882B-A5634B1777BA}.Release|x64.ActiveCfg = Release|x64
		{0439B3EC-6820-4CE4-882B-A5634B1777BA}.Release|x64.Build.0 = Release|x64
		{0439B3EC-6820-4CE4-882B-A5634B1777BA}.Release|x86.ActiveCfg = Release|Win32
		{0439B3EC-6820-4CE4-882B-A5634B1777BA}.Release|x86.Build.0 = Release|Win32
		{B89974D8-FB64-48C3-A412-09C0A3382789}.Debug|x64.ActiveCfg = Debug|x64
		{B89974D8-FB64-48C3-A412-09C0A3382789}.Debug|x64.Build.0 = Debug|x64
		{B89974D8-FB64-48C3-A412-09C0A3382789}.Debug|x86.ActiveCfg = Debug|Win32
		{B89974D8-FB64-48C3-A412-09C0A3382789}.Debug|x86.Build.0 = Debug|Win32
		{B89974D8-FB64-48C3-A412-09C0A3382789}.Release|x64.ActiveCfg = Release|x64
		{B89974D8-FB64-48C3-A412-09C0A3382789}.Release|x64.Build.0 = Release|x64
		{B89974D8-FB64-48C3-A412-09C0A3382789}.Release|x86.ActiveCfg = Release|Win32
		{B89974D8-FB64-48C3-A412-09C0A3382789}.Release|x86.Build.0 = Release|Win32
		{26BE5DDE-62BD-4A49-A423-267867164508}.Debug|x64.ActiveCfg = Debug|x64
		{26BE5DDE-62BD-4A49-A423-267867164508}.Debug|x64.Build.0 = Debug|x64
		{26BE5DDE-62BD-4A49-A423-267867164508}.Debug|x86.ActiveCfg = Debug|Win32
		{26BE5DDE-62BD-4A49-A423-267867164508}.Debug|x86.Build.0 = Debug|Win32
		{26BE5DDE-62BD-4A49-A423-267867164508}.Release|x64.ActiveCfg = Release|x64
		{26BE5DDE-62BD-4A49-A423-267867164508}.Release|x64.Build.0 = Release|x64
		{26BE5DDE-62BD-4A49-A423-267867164508}.Release|x86.ActiveCfg = Release|Win32
		{26BE5DDE-62BD-4A49-A423-267867164508}.Release|x86.Build.0 = Release|Win32
		{EFCCC4C3-C822-4490-9295-CBAC1009A2CB}.Debug|x64.ActiveCfg = Debug|x64
		{EFCCC4C3-C822-4490-9295-CBAC1009A2CB}.Debug|x64.Build.0 = Debug|x64
		{EFCCC4C3-C822-4490-9295-CBAC1009A2CB}.Debug|x86.ActiveCfg = Debug|Win32
		{EFCCC4C3-C822-4490-9295-CBAC1009A2CB}.Debug|x86.Build.0 = Debug|Win32
		{EFCCC4C3-C822-4490-9295-CBAC1009A2CB}.Release|x64.ActiveCfg = Release|x64
		{EFCCC4C3-C822-4490-9295-CBAC1009A2CB}.Release|x64.Build.0 = Release|x64
		{EFCCC4C3-C822-4490-9295-CBAC1009A2CB}.Release|x86.ActiveCfg = Release|Win32
		{EFCCC4C3-C822-4490-9295-CBAC1009A2CB}.Release|x86.Build.0 = Release|Win32
		{59B25FE3-5927-4EE8-B696-9AD558492CF8}.Debug|x64.ActiveCfg = Debug|x64
		{59B25FE3-5927-4EE8-B696-9AD558492CF8}.Debug|x64.Build.0 = Debug|x64
		{59B25FE3-5927-4EE8-B696-9AD558492CF8}.Debug|x86.ActiveCfg = Debug|Win32
		{59B25FE3-5927-4EE8-B696-9AD558492CF8}.Debug|x86.Build.0 = Debug|Win32
		{59B25FE3-5927-4EE8-B696-9AD558492CF8}.Release|x64.ActiveCfg = Release|x64
		{59B25FE3-5927-4EE8-B696-9AD558492CF8}.Release|x64.Build.0 = Release|x64
		{59B25FE3-5927-4EE8-B696-9AD558492CF8}.Release|x86.ActiveCfg = Release|Win32
		{59B25FE3-5927-4EE8-B696-9AD558492CF8}.Release|x86.Build.0 = Release|Win32
		{8AF23DD0-5BED-483E-A4D9-F3E14E7F5D6B}.Debug|x64.ActiveCfg = Debug|x64
		{8AF23DD0-5BED-483E-A4D9-F3E14E7F5D6B}.Debug|x64.Build.0 = Debug|x64
		{8AF23DD0-5BED-483E-A4D9-F3E14E7F5D6B}.Debug|x86.ActiveCfg = Debug|Win32
		{8AF23DD0-5BED-483E-A4D9-F3E14E7F5D6B}.Debug|x86.Build.0 = Debug|Win32
		{8AF23DD0-5BED-483E-A4D9-F3E14E7F5D6B}.Release|x64.ActiveCfg = Release|x64
		{8AF23DD0-5BED-483E-A4D9-F3E14E7F5D6B}.Release|x64.Build.0 = Release|x64
		{8AF23DD0-5BED-483E-A4D9-F3E14E7F5D6B}.Release|x86.ActiveCfg = Release|Win32
		{8AF23DD0-5BED-483E-A4D9-F3E14E7F5D6B}.Release|x86.Build.0 = Release|Win32
		{794B7565-2C98-4B6B-AEA6-D50B4560D483}.Debug|x64.ActiveCfg = Debug|x64
		{794B7565-2C98-4B6B-AEA6-D50B4560D483}.Debug|x64.Build.0 = Debug|x64
		{794B7565-2C98-4B6B-AEA6-D50B4560D483}.Debug|x86.ActiveCfg = Debug|Win32
		{794B7565-2C98-4B6B-AEA6-D50B4560D483}.Debug|x86.Build.0 = Debug|Win32
		{794B7565-2C98-4B6B-AEA6-D50B4560D483}.Release|x64.ActiveCfg = Release|x64
		{794B7565-2C98-4B6B-AEA6-D50B4560D483}.Release|x64.Build.0 = Release|x64
		{794B7565-2C98-4B6B-AEA6-D50B4560D483}.Release|x86.ActiveCfg = Release|Win32
		{794B7565-2C98-4B6B-AEA6-D50B4560D483}.Release|x86.Build.0 = Release|Win32
		{EFCCC4C3-C828-4490-9295-CBAC1009A2CB}.Debug|x64.ActiveCfg = Debug|x64
		{EFCCC4C3-C828-4490-9295-CBAC1009A2CB}.Debug|x64.Build.0 = Debug|x64
		{EFCCC4C3-C828-4490-9295-CBAC1009A2CB}.Debug|x86.ActiveCfg = Debug|Win32
		{EFCCC4C3-C828-4490-9295-CBAC1009A2CB}.Debug|x86.Build.0 = Debug|Win32
		{EFCCC4C3-C828-4490-9295-CBAC1009A2CB}.Release|x64.ActiveCfg = Release|x64
		{EFCCC4C3-C828-4490-9295-CBAC1009A2CB}.Release|x64.Build.0 = Release|x64
		{EFCCC4C3-C828-4490-9295-CBAC1009A2CB}.Release|x86.ActiveCfg = Release|Win32
		{EFCCC4C3-C828-4490-9295-CBAC1009A2CB}.Release|x86.Build.0 = Release|Win32
	EndGlobalSection
	GlobalSection(SolutionProperties) = preSolution
		HideSolutionNode = FALSE
	EndGlobalSection
	GlobalSection(NestedProjects) = preSolution
		{08579D1B-A2DF-4FC0-9A56-8B8B5B473295} = {47B33E62-238F-4AE3-A0F2-4733CD9BDBEA}
		{A2C53563-46F5-4D87-903F-3F1F2FDB2DEB} = {41963FBE-8982-4CD4-9166-7F0FEA04A15F}
		{0439B3EC-6820-4CE4-882B-A5634B1777BA} = {41963FBE-8982-4CD4-9166-7F0FEA04A15F}
		{B89974D8-FB64-48C3-A412-09C0A3382789} = {E4CBEF85-3F91-441D-95BE-380DF44B4896}
		{26BE5DDE-62BD-4A49-A423-267867164508} = {610A3396-623D-4765-8E31-9B6140311B4A}
		{EFCCC4C3-C822-4490-9295-CBAC1009A2CB} = {41963FBE-8982-4CD4-9166-7F0FEA04A15F}
		{59B25FE3-5927-4EE8-B696-9AD558492CF8} = {41963FBE-8982-4CD4-9166-7F0FEA04A15F}
		{8AF23DD0-5BED-483E-A4D9-F3E14E7F5D6B} = {569DFDB6-BA5E-4404-B96F-14104CA1CD01}
		{794B7565-2C98-4B6B-AEA6-D50B4560D483} = {569DFDB6-BA5E-4404-B96F-14104CA1CD01}
		{EFCCC4C3-C828-4490-9295-CBAC1009A2CB} = {41963FBE-8982-4CD4-9166-7F0FEA04A15F}
	EndGlobalSection
	GlobalSection(ExtensibilityGlobals) = postSolution
		SolutionGuid = {897565CA-581A-4CF1-8D11-A612FC2BEFC4}
	EndGlobalSection
EndGlobal
